{
  "name": "@hodrobond/ui-sidebar",
  "version": "1.0.9",
  "lockfileVersion": 1,
  "requires": true,
  "dependencies": {
    "@hodrobond/ui-hamburgericon": {
      "version": "1.0.2"
    },
    "@hodrobond/ui-rotationwrapper": {
      "version": "1.0.2",
      "requires": {
        "@hodrobond/ui-hamburgericon": "1.0.2"
      },
      "dependencies": {
        "@hodrobond/ui-hamburgericon": {
          "version": "1.0.2"
        }
      }
    }
  }
}
