{
  "name": "@hodrobond/ui-sidebar",
  "version": "1.0.1",
  "lockfileVersion": 1,
  "requires": true,
  "dependencies": {
    "@hodrobond/ui-hamburgericon": {
      "version": "1.0.0",
      "resolved": "https://registry.npmjs.org/@hodrobond/ui-hamburgericon/-/ui-hamburgericon-1.0.0.tgz",
      "integrity": "sha512-XeLpOlwxgSEA6C9mz+/eVXIS7w5uFGatEWtGblCwXbF0GANpaH6eUSCxjs1hdJcXmaaR1Ayfkr/pa/TV8hXGDA=="
    },
    "@hodrobond/ui-rotationwrapper": {
      "version": "file:../RotationWrapper",
      "requires": {
        "@hodrobond/ui-hamburgericon": "file:../HamburgerIcon"
      },
      "dependencies": {
        "@hodrobond/ui-hamburgericon": {
          "version": "file:../HamburgerIcon"
        }
      }
    }
  }
}
