{
  "name": "@hodrobond/ui-sidebar",
  "version": "1.0.21",
  "lockfileVersion": 1,
  "requires": true,
  "dependencies": {
    "@hodrobond/ui-hamburgericon": {
      "version": "file:../HamburgerIcon"
    },
    "@hodrobond/ui-link": {
      "version": "file:../Link"
    },
    "@hodrobond/ui-rotationwrapper": {
      "version": "file:../RotationWrapper",
      "requires": {
        "@hodrobond/ui-developercard": "^1.0.10",
        "@hodrobond/ui-hamburgericon": "^1.0.14"
      },
      "dependencies": {
        "@hodrobond/ui-developercard": {
          "version": "1.0.10",
          "requires": {
            "@hodrobond/ui-text": "file:../Text"
          },
          "dependencies": {
            "@hodrobond/ui-text": {
              "version": "file:../Text"
            }
          }
        },
        "@hodrobond/ui-hamburgericon": {
          "version": "1.0.14"
        }
      }
    },
    "@hodrobond/ui-text": {
      "version": "file:../Text"
    }
  }
}
