{
  "name": "@hodrobond/ui-rotationwrapper",
  "version": "1.0.20",
  "lockfileVersion": 1,
  "requires": true,
  "dependencies": {
    "@hodrobond/ui-developercard": {
      "version": "1.0.10",
      "resolved": "https://registry.npmjs.org/@hodrobond/ui-developercard/-/ui-developercard-1.0.10.tgz",
      "integrity": "sha512-ceUt9PSL+NcReo+N1gZ2XwaOpAe5I59ZT7BuF+b3/BZZIka9Sa3TRBFUIBVMECVs/Fks7tadIXmMPlg/T0QYwQ=="
    }
  }
}
